// !$*UTF8*$!
{
	archiveVersion = 1;
	classes = {
	};
	objectVersion = 100;
	objects = {

/* Begin PBXBuildFile section */
		B10000000000000000000005 /* CodexBarHelper in Embed CodexBar Helper */ = {isa = PBXBuildFile; fileRef = B10000000000000000000014 /* CodexBarHelper */; settings = {ATTRIBUTES = (CodeSignOnCopy, ); }; };
		C42A52F12FDACDEC004A2B53 /* Sparkle in Frameworks */ = {isa = PBXBuildFile; productRef = C42A52F02FDACDEC004A2B53 /* Sparkle */; };
/* End PBXBuildFile section */

/* Begin PBXContainerItemProxy section */
		B10000000000000000000052 /* PBXContainerItemProxy */ = {
			isa = PBXContainerItemProxy;
			containerPortal = C4A0FD8D2FD9302E000263A7 /* Project object */;
			proxyType = 1;
			remoteGlobalIDString = B10000000000000000000031;
			remoteInfo = CodexBarHelper;
		};
/* End PBXContainerItemProxy section */

/* Begin PBXCopyFilesBuildPhase section */
		B10000000000000000000023 /* Embed CodexBar Helper */ = {
			isa = PBXCopyFilesBuildPhase;
			dstPath = "";
			dstSubfolder = Resources;
			files = (
				B10000000000000000000005 /* CodexBarHelper in Embed CodexBar Helper */,
			);
			name = "Embed CodexBar Helper";
		};
		B10000000000000000000024 /* Copy LaunchDaemons */ = {
			isa = PBXCopyFilesBuildPhase;
			dstPath = Contents/Library/LaunchDaemons;
			dstSubfolder = Wrapper;
			files = (
			);
			name = "Copy LaunchDaemons";
		};
/* End PBXCopyFilesBuildPhase section */

/* Begin PBXFileReference section */
		B10000000000000000000014 /* CodexBarHelper */ = {isa = PBXFileReference; explicitFileType = "compiled.mach-o.executable"; includeInIndex = 0; path = CodexBarHelper; sourceTree = BUILT_PRODUCTS_DIR; };
		C449FB5030203E0000ED2123 /* Version.xcconfig */ = {isa = PBXFileReference; lastKnownFileType = text.xcconfig; path = Version.xcconfig; sourceTree = "<group>"; };
		C4A0FD952FD9302E000263A7 /* CodexBar Fork Debug.app */ = {isa = PBXFileReference; explicitFileType = wrapper.application; includeInIndex = 0; path = "CodexBar Fork Debug.app"; sourceTree = BUILT_PRODUCTS_DIR; };
/* End PBXFileReference section */

/* Begin PBXFileSystemSynchronizedBuildFileExceptionSet section */
		9E664A582FDD47540016B96E /* Exceptions for "CodexBar" folder in "CodexBar" target */ = {
			isa = PBXFileSystemSynchronizedBuildFileExceptionSet;
			membershipExceptions = (
				Resources/Info.plist,
			);
			target = C4A0FD942FD9302E000263A7 /* CodexBar */;
		};
/* End PBXFileSystemSynchronizedBuildFileExceptionSet section */

/* Begin PBXFileSystemSynchronizedGroupBuildPhaseMembershipExceptionSet section */
		C449FB4C302038A300ED2123 /* Exceptions for "CodexBarHelper" folder in "Copy LaunchDaemons" phase from "CodexBar" target */ = {
			isa = PBXFileSystemSynchronizedGroupBuildPhaseMembershipExceptionSet;
			buildPhase = B10000000000000000000024 /* Copy LaunchDaemons */;
			membershipExceptions = (
				io.github.yatotm.codexbar.debug.helper.plist,
				io.github.yatotm.codexbar.helper.plist,
			);
		};
/* End PBXFileSystemSynchronizedGroupBuildPhaseMembershipExceptionSet section */

/* Begin PBXFileSystemSynchronizedRootGroup section */
		9E664A4C2FDD47530016B96E /* CodexBar */ = {
			isa = PBXFileSystemSynchronizedRootGroup;
			exceptions = (
				9E664A582FDD47540016B96E /* Exceptions for "CodexBar" folder in "CodexBar" target */,
			);
			path = CodexBar;
			sourceTree = "<group>";
		};
		C449FB3A3020367500ED2123 /* CodexBarHelper */ = {
			isa = PBXFileSystemSynchronizedRootGroup;
			exceptions = (
				C449FB4C302038A300ED2123 /* Exceptions for "CodexBarHelper" folder in "Copy LaunchDaemons" phase from "CodexBar" target */,
			);
			path = CodexBarHelper;
			sourceTree = "<group>";
		};
		C449FB4E30203A1100ED2123 /* Shared */ = {
			isa = PBXFileSystemSynchronizedRootGroup;
			path = Shared;
			sourceTree = "<group>";
		};
/* End PBXFileSystemSynchronizedRootGroup section */

/* Begin PBXFrameworksBuildPhase section */
		B10000000000000000000022 /* Frameworks */ = {
			isa = PBXFrameworksBuildPhase;
			files = (
			);
		};
		C4A0FD922FD9302E000263A7 /* Frameworks */ = {
			isa = PBXFrameworksBuildPhase;
			files = (
				C42A52F12FDACDEC004A2B53 /* Sparkle in Frameworks */,
			);
		};
/* End PBXFrameworksBuildPhase section */

/* Begin PBXGroup section */
		C449FB5130203E0000ED2123 /* Config */ = {
			isa = PBXGroup;
			children = (
				C449FB5030203E0000ED2123 /* Version.xcconfig */,
			);
			path = Config;
			sourceTree = "<group>";
		};
		C4A0FD8C2FD9302E000263A7 = {
			isa = PBXGroup;
			children = (
				9E664A4C2FDD47530016B96E /* CodexBar */,
				C449FB4E30203A1100ED2123 /* Shared */,
				C449FB3A3020367500ED2123 /* CodexBarHelper */,
				C449FB5130203E0000ED2123 /* Config */,
				C4A0FD962FD9302E000263A7 /* Products */,
			);
			sourceTree = "<group>";
		};
		C4A0FD962FD9302E000263A7 /* Products */ = {
			isa = PBXGroup;
			children = (
				C4A0FD952FD9302E000263A7 /* CodexBar Fork Debug.app */,
				B10000000000000000000014 /* CodexBarHelper */,
			);
			name = Products;
			sourceTree = "<group>";
		};
/* End PBXGroup section */

/* Begin PBXNativeTarget section */
		B10000000000000000000031 /* CodexBarHelper */ = {
			isa = PBXNativeTarget;
			buildConfigurationList = B10000000000000000000032 /* Build configuration list for PBXNativeTarget "CodexBarHelper" */;
			buildPhases = (
				B10000000000000000000021 /* Sources */,
				B10000000000000000000022 /* Frameworks */,
			);
			buildRules = (
			);
			fileSystemSynchronizedGroups = (
				C449FB3A3020367500ED2123 /* CodexBarHelper */,
				C449FB4E30203A1100ED2123 /* Shared */,
			);
			name = CodexBarHelper;
			productName = CodexBarHelper;
			productReference = B10000000000000000000014 /* CodexBarHelper */;
			productType = "com.apple.product-type.tool";
		};
		C4A0FD942FD9302E000263A7 /* CodexBar */ = {
			isa = PBXNativeTarget;
			buildConfigurationList = C4A0FDA02FD9302E000263A7 /* Build configuration list for PBXNativeTarget "CodexBar" */;
			buildPhases = (
				C4A0FD912FD9302E000263A7 /* Sources */,
				C4A0FD922FD9302E000263A7 /* Frameworks */,
				C4A0FD932FD9302E000263A7 /* Resources */,
				B10000000000000000000023 /* Embed CodexBar Helper */,
				B10000000000000000000024 /* Copy LaunchDaemons */,
			);
			buildRules = (
			);
			dependencies = (
				B10000000000000000000051 /* PBXTargetDependency */,
			);
			fileSystemSynchronizedGroups = (
				9E664A4C2FDD47530016B96E /* CodexBar */,
				C449FB4E30203A1100ED2123 /* Shared */,
			);
			name = CodexBar;
			packageProductDependencies = (
				C42A52F02FDACDEC004A2B53 /* Sparkle */,
			);
			productName = CodexBar;
			productReference = C4A0FD952FD9302E000263A7 /* CodexBar Fork Debug.app */;
			productType = "com.apple.product-type.application";
		};
/* End PBXNativeTarget section */

/* Begin PBXProject section */
		C4A0FD8D2FD9302E000263A7 /* Project object */ = {
			isa = PBXProject;
			attributes = {
				BuildIndependentTargetsInParallel = 1;
				LastSwiftUpdateCheck = 2650;
				LastUpgradeCheck = 2660;
				TargetAttributes = {
					B10000000000000000000031 = {
						CreatedOnToolsVersion = 26.5;
					};
					C4A0FD942FD9302E000263A7 = {
						CreatedOnToolsVersion = 26.5;
					};
				};
			};
			buildConfigurationList = C4A0FD902FD9302E000263A7 /* Build configuration list for PBXProject "CodexBar" */;
			developmentRegion = "zh-Hans";
			hasScannedForEncodings = 0;
			knownRegions = (
				en,
				"zh-Hans",
				Base,
			);
			mainGroup = C4A0FD8C2FD9302E000263A7;
			minimizedProjectReferenceProxies = 1;
			packageReferences = (
				C42A52EF2FDACDEC004A2B53 /* XCRemoteSwiftPackageReference "Sparkle" */,
			);
			preferredProjectObjectVersion = 100;
			productRefGroup = C4A0FD962FD9302E000263A7 /* Products */;
			projectDirPath = "";
			projectRoot = "";
			targets = (
				C4A0FD942FD9302E000263A7 /* CodexBar */,
				B10000000000000000000031 /* CodexBarHelper */,
			);
		};
/* End PBXProject section */

/* Begin PBXResourcesBuildPhase section */
		C4A0FD932FD9302E000263A7 /* Resources */ = {
			isa = PBXResourcesBuildPhase;
			files = (
			);
		};
/* End PBXResourcesBuildPhase section */

/* Begin PBXSourcesBuildPhase section */
		B10000000000000000000021 /* Sources */ = {
			isa = PBXSourcesBuildPhase;
			files = (
			);
		};
		C4A0FD912FD9302E000263A7 /* Sources */ = {
			isa = PBXSourcesBuildPhase;
			files = (
			);
		};
/* End PBXSourcesBuildPhase section */

/* Begin PBXTargetDependency section */
		B10000000000000000000051 /* PBXTargetDependency */ = {
			isa = PBXTargetDependency;
			target = B10000000000000000000031 /* CodexBarHelper */;
			targetProxy = B10000000000000000000052 /* PBXContainerItemProxy */;
		};
/* End PBXTargetDependency section */

/* Begin XCBuildConfiguration section */
		B10000000000000000000033 /* Debug configuration for PBXNativeTarget "CodexBarHelper" */ = {
			isa = XCBuildConfiguration;
			buildSettings = {
				"CODE_SIGN_IDENTITY[sdk=macosx*]" = "Apple Development";
				CODE_SIGN_STYLE = Automatic;
				CREATE_INFOPLIST_SECTION_IN_BINARY = YES;
				ENABLE_APP_SANDBOX = NO;
				ENABLE_HARDENED_RUNTIME = YES;
				GENERATE_INFOPLIST_FILE = YES;
				PRODUCT_BUNDLE_IDENTIFIER = io.github.yatotm.codexbar.debug.helper;
				PRODUCT_NAME = "$(TARGET_NAME)";
				SKIP_INSTALL = YES;
				SWIFT_UPCOMING_FEATURE_MEMBER_IMPORT_VISIBILITY = YES;
			};
			name = Debug;
		};
		B10000000000000000000034 /* Release configuration for PBXNativeTarget "CodexBarHelper" */ = {
			isa = XCBuildConfiguration;
			buildSettings = {
				"CODE_SIGN_IDENTITY[sdk=macosx*]" = "Apple Development";
				CODE_SIGN_STYLE = Automatic;
				CREATE_INFOPLIST_SECTION_IN_BINARY = YES;
				ENABLE_APP_SANDBOX = NO;
				ENABLE_HARDENED_RUNTIME = YES;
				GENERATE_INFOPLIST_FILE = YES;
				PRODUCT_BUNDLE_IDENTIFIER = io.github.yatotm.codexbar.helper;
				PRODUCT_NAME = "$(TARGET_NAME)";
				SKIP_INSTALL = YES;
				SWIFT_UPCOMING_FEATURE_MEMBER_IMPORT_VISIBILITY = YES;
			};
			name = Release;
		};
		C4A0FD9E2FD9302E000263A7 /* Debug configuration for PBXProject "CodexBar" */ = {
			isa = XCBuildConfiguration;
			baseConfigurationReference = C449FB5030203E0000ED2123 /* Version.xcconfig */;
			buildSettings = {
				ALWAYS_SEARCH_USER_PATHS = NO;
				ASSETCATALOG_COMPILER_GENERATE_SWIFT_ASSET_SYMBOL_EXTENSIONS = YES;
				CLANG_ANALYZER_NONNULL = YES;
				CLANG_ANALYZER_NUMBER_OBJECT_CONVERSION = YES_AGGRESSIVE;
				CLANG_CXX_LANGUAGE_STANDARD = "gnu++20";
				CLANG_ENABLE_MODULES = YES;
				CLANG_ENABLE_OBJC_ARC = YES;
				CLANG_ENABLE_OBJC_WEAK = YES;
				CLANG_WARN_BLOCK_CAPTURE_AUTORELEASING = YES;
				CLANG_WARN_BOOL_CONVERSION = YES;
				CLANG_WARN_COMMA = YES;
				CLANG_WARN_CONSTANT_CONVERSION = YES;
				CLANG_WARN_DEPRECATED_OBJC_IMPLEMENTATIONS = YES;
				CLANG_WARN_DIRECT_OBJC_ISA_USAGE = YES_ERROR;
				CLANG_WARN_DOCUMENTATION_COMMENTS = YES;
				CLANG_WARN_EMPTY_BODY = YES;
				CLANG_WARN_ENUM_CONVERSION = YES;
				CLANG_WARN_INFINITE_RECURSION = YES;
				CLANG_WARN_INT_CONVERSION = YES;
				CLANG_WARN_NON_LITERAL_NULL_CONVERSION = YES;
				CLANG_WARN_OBJC_IMPLICIT_RETAIN_SELF = YES;
				CLANG_WARN_OBJC_LITERAL_CONVERSION = YES;
				CLANG_WARN_OBJC_ROOT_CLASS = YES_ERROR;
				CLANG_WARN_QUOTED_INCLUDE_IN_FRAMEWORK_HEADER = YES;
				CLANG_WARN_RANGE_LOOP_ANALYSIS = YES;
				CLANG_WARN_STRICT_PROTOTYPES = YES;
				CLANG_WARN_SUSPICIOUS_MOVE = YES;
				CLANG_WARN_UNGUARDED_AVAILABILITY = YES_AGGRESSIVE;
				CLANG_WARN_UNREACHABLE_CODE = YES;
				CLANG_WARN__DUPLICATE_METHOD_MATCH = YES;
				COPY_PHASE_STRIP = NO;
				DEAD_CODE_STRIPPING = YES;
				DEBUG_INFORMATION_FORMAT = dwarf;
				DEVELOPMENT_TEAM = "";
				ENABLE_STRICT_OBJC_MSGSEND = YES;
				ENABLE_TESTABILITY = YES;
				ENABLE_USER_SCRIPT_SANDBOXING = YES;
				GCC_C_LANGUAGE_STANDARD = gnu17;
				GCC_DYNAMIC_NO_PIC = NO;
				GCC_NO_COMMON_BLOCKS = YES;
				GCC_OPTIMIZATION_LEVEL = 0;
				GCC_PREPROCESSOR_DEFINITIONS = (
					"DEBUG=1",
					"$(inherited)",
				);
				GCC_WARN_64_TO_32_BIT_CONVERSION = YES;
				GCC_WARN_ABOUT_RETURN_TYPE = YES_ERROR;
				GCC_WARN_UNDECLARED_SELECTOR = YES;
				GCC_WARN_UNINITIALIZED_AUTOS = YES_AGGRESSIVE;
				GCC_WARN_UNUSED_FUNCTION = YES;
				GCC_WARN_UNUSED_VARIABLE = YES;
				LOCALIZATION_PREFERS_STRING_CATALOGS = YES;
				MACOSX_DEPLOYMENT_TARGET = 15.0;
				MTL_ENABLE_DEBUG_INFO = INCLUDE_SOURCE;
				MTL_FAST_MATH = YES;
				ONLY_ACTIVE_ARCH = YES;
				SDKROOT = macosx;
				STRING_CATALOG_GENERATE_SYMBOLS = YES;
				SWIFT_ACTIVE_COMPILATION_CONDITIONS = "DEBUG $(inherited)";
				SWIFT_OPTIMIZATION_LEVEL = "-Onone";
				SWIFT_VERSION = 6.0;
			};
			name = Debug;
		};
		C4A0FD9F2FD9302E000263A7 /* Release configuration for PBXProject "CodexBar" */ = {
			isa = XCBuildConfiguration;
			baseConfigurationReference = C449FB5030203E0000ED2123 /* Version.xcconfig */;
			buildSettings = {
				ALWAYS_SEARCH_USER_PATHS = NO;
				ASSETCATALOG_COMPILER_GENERATE_SWIFT_ASSET_SYMBOL_EXTENSIONS = YES;
				CLANG_ANALYZER_NONNULL = YES;
				CLANG_ANALYZER_NUMBER_OBJECT_CONVERSION = YES_AGGRESSIVE;
				CLANG_CXX_LANGUAGE_STANDARD = "gnu++20";
				CLANG_ENABLE_MODULES = YES;
				CLANG_ENABLE_OBJC_ARC = YES;
				CLANG_ENABLE_OBJC_WEAK = YES;
				CLANG_WARN_BLOCK_CAPTURE_AUTORELEASING = YES;
				CLANG_WARN_BOOL_CONVERSION = YES;
				CLANG_WARN_COMMA = YES;
				CLANG_WARN_CONSTANT_CONVERSION = YES;
				CLANG_WARN_DEPRECATED_OBJC_IMPLEMENTATIONS = YES;
				CLANG_WARN_DIRECT_OBJC_ISA_USAGE = YES_ERROR;
				CLANG_WARN_DOCUMENTATION_COMMENTS = YES;
				CLANG_WARN_EMPTY_BODY = YES;
				CLANG_WARN_ENUM_CONVERSION = YES;
				CLANG_WARN_INFINITE_RECURSION = YES;
				CLANG_WARN_INT_CONVERSION = YES;
				CLANG_WARN_NON_LITERAL_NULL_CONVERSION = YES;
				CLANG_WARN_OBJC_IMPLICIT_RETAIN_SELF = YES;
				CLANG_WARN_OBJC_LITERAL_CONVERSION = YES;
				CLANG_WARN_OBJC_ROOT_CLASS = YES_ERROR;
				CLANG_WARN_QUOTED_INCLUDE_IN_FRAMEWORK_HEADER = YES;
				CLANG_WARN_RANGE_LOOP_ANALYSIS = YES;
				CLANG_WARN_STRICT_PROTOTYPES = YES;
				CLANG_WARN_SUSPICIOUS_MOVE = YES;
				CLANG_WARN_UNGUARDED_AVAILABILITY = YES_AGGRESSIVE;
				CLANG_WARN_UNREACHABLE_CODE = YES;
				CLANG_WARN__DUPLICATE_METHOD_MATCH = YES;
				CODE_SIGN_INJECT_BASE_ENTITLEMENTS = NO;
				COPY_PHASE_STRIP = NO;
				DEAD_CODE_STRIPPING = YES;
				DEBUG_INFORMATION_FORMAT = "dwarf-with-dsym";
				DEVELOPMENT_TEAM = "";
				ENABLE_NS_ASSERTIONS = NO;
				ENABLE_STRICT_OBJC_MSGSEND = YES;
				ENABLE_USER_SCRIPT_SANDBOXING = YES;
				GCC_C_LANGUAGE_STANDARD = gnu17;
				GCC_NO_COMMON_BLOCKS = YES;
				GCC_WARN_64_TO_32_BIT_CONVERSION = YES;
				GCC_WARN_ABOUT_RETURN_TYPE = YES_ERROR;
				GCC_WARN_UNDECLARED_SELECTOR = YES;
				GCC_WARN_UNINITIALIZED_AUTOS = YES_AGGRESSIVE;
				GCC_WARN_UNUSED_FUNCTION = YES;
				GCC_WARN_UNUSED_VARIABLE = YES;
				LOCALIZATION_PREFERS_STRING_CATALOGS = YES;
				MACOSX_DEPLOYMENT_TARGET = 15.0;
				MTL_ENABLE_DEBUG_INFO = NO;
				MTL_FAST_MATH = YES;
				SDKROOT = macosx;
				STRING_CATALOG_GENERATE_SYMBOLS = YES;
				SWIFT_COMPILATION_MODE = wholemodule;
				SWIFT_VERSION = 6.0;
			};
			name = Release;
		};
		C4A0FDA12FD9302E000263A7 /* Debug configuration for PBXNativeTarget "CodexBar" */ = {
			isa = XCBuildConfiguration;
			buildSettings = {
				ASSETCATALOG_COMPILER_APPICON_NAME = AppIcon;
				ASSETCATALOG_COMPILER_GLOBAL_ACCENT_COLOR_NAME = AccentColor;
				"CODE_SIGN_IDENTITY[sdk=macosx*]" = "Apple Development";
				CODE_SIGN_STYLE = Automatic;
				COMBINE_HIDPI_IMAGES = YES;
				ENABLE_APP_INTENTS_METADATA_GENERATION = NO;
				ENABLE_APP_SANDBOX = NO;
				ENABLE_HARDENED_RUNTIME = YES;
				ENABLE_PREVIEWS = YES;
				ENABLE_USER_SELECTED_FILES = NO;
				EXCLUDED_SOURCE_FILE_NAMES = io.github.yatotm.codexbar.helper.plist;
				GENERATE_INFOPLIST_FILE = NO;
				INFOPLIST_FILE = CodexBar/Resources/Info.plist;
				INFOPLIST_KEY_CFBundleDisplayName = "CodexBar Fork Debug";
				LD_RUNPATH_SEARCH_PATHS = (
					"$(inherited)",
					"@executable_path/../Frameworks",
				);
				PRODUCT_BUNDLE_IDENTIFIER = io.github.yatotm.codexbar.debug;
				PRODUCT_NAME = "$(TARGET_NAME)";
				REGISTER_APP_GROUPS = YES;
				SWIFT_APPROACHABLE_CONCURRENCY = YES;
				SWIFT_DEFAULT_ACTOR_ISOLATION = MainActor;
				SWIFT_EMIT_LOC_STRINGS = YES;
				SWIFT_UPCOMING_FEATURE_MEMBER_IMPORT_VISIBILITY = YES;
				WRAPPER_NAME = "CodexBar Fork Debug.app";
			};
			name = Debug;
		};
		C4A0FDA22FD9302E000263A7 /* Release configuration for PBXNativeTarget "CodexBar" */ = {
			isa = XCBuildConfiguration;
			buildSettings = {
				ASSETCATALOG_COMPILER_APPICON_NAME = AppIcon;
				ASSETCATALOG_COMPILER_GLOBAL_ACCENT_COLOR_NAME = AccentColor;
				CODE_SIGN_IDENTITY = "Apple Development";
				CODE_SIGN_STYLE = Automatic;
				COMBINE_HIDPI_IMAGES = YES;
				ENABLE_APP_INTENTS_METADATA_GENERATION = NO;
				ENABLE_APP_SANDBOX = NO;
				ENABLE_HARDENED_RUNTIME = YES;
				ENABLE_PREVIEWS = YES;
				ENABLE_USER_SELECTED_FILES = NO;
				EXCLUDED_SOURCE_FILE_NAMES = io.github.yatotm.codexbar.debug.helper.plist;
				GENERATE_INFOPLIST_FILE = NO;
				INFOPLIST_FILE = CodexBar/Resources/Info.plist;
				INFOPLIST_KEY_CFBundleDisplayName = "CodexBar Fork";
				WRAPPER_NAME = "CodexBar Fork.app";
				LD_RUNPATH_SEARCH_PATHS = (
					"$(inherited)",
					"@executable_path/../Frameworks",
				);
				PRODUCT_BUNDLE_IDENTIFIER = io.github.yatotm.codexbar;
				PRODUCT_NAME = "$(TARGET_NAME)";
				REGISTER_APP_GROUPS = YES;
				SWIFT_APPROACHABLE_CONCURRENCY = YES;
				SWIFT_DEFAULT_ACTOR_ISOLATION = MainActor;
				SWIFT_EMIT_LOC_STRINGS = YES;
				SWIFT_UPCOMING_FEATURE_MEMBER_IMPORT_VISIBILITY = YES;
			};
			name = Release;
		};
/* End XCBuildConfiguration section */

/* Begin XCConfigurationList section */
		B10000000000000000000032 /* Build configuration list for PBXNativeTarget "CodexBarHelper" */ = {
			isa = XCConfigurationList;
			buildConfigurations = (
				B10000000000000000000033 /* Debug configuration for PBXNativeTarget "CodexBarHelper" */,
				B10000000000000000000034 /* Release configuration for PBXNativeTarget "CodexBarHelper" */,
			);
			defaultConfigurationName = Release;
		};
		C4A0FD902FD9302E000263A7 /* Build configuration list for PBXProject "CodexBar" */ = {
			isa = XCConfigurationList;
			buildConfigurations = (
				C4A0FD9E2FD9302E000263A7 /* Debug configuration for PBXProject "CodexBar" */,
				C4A0FD9F2FD9302E000263A7 /* Release configuration for PBXProject "CodexBar" */,
			);
			defaultConfigurationName = Release;
		};
		C4A0FDA02FD9302E000263A7 /* Build configuration list for PBXNativeTarget "CodexBar" */ = {
			isa = XCConfigurationList;
			buildConfigurations = (
				C4A0FDA12FD9302E000263A7 /* Debug configuration for PBXNativeTarget "CodexBar" */,
				C4A0FDA22FD9302E000263A7 /* Release configuration for PBXNativeTarget "CodexBar" */,
			);
			defaultConfigurationName = Release;
		};
/* End XCConfigurationList section */

/* Begin XCRemoteSwiftPackageReference section */
		C42A52EF2FDACDEC004A2B53 /* XCRemoteSwiftPackageReference "Sparkle" */ = {
			isa = XCRemoteSwiftPackageReference;
			repositoryURL = "https://github.com/sparkle-project/Sparkle";
			requirement = {
				kind = upToNextMajorVersion;
				minimumVersion = 2.9.6;
			};
		};
/* End XCRemoteSwiftPackageReference section */

/* Begin XCSwiftPackageProductDependency section */
		C42A52F02FDACDEC004A2B53 /* Sparkle */ = {
			isa = XCSwiftPackageProductDependency;
			package = C42A52EF2FDACDEC004A2B53 /* XCRemoteSwiftPackageReference "Sparkle" */;
			productName = Sparkle;
		};
/* End XCSwiftPackageProductDependency section */
	};
	rootObject = C4A0FD8D2FD9302E000263A7 /* Project object */;
}
